
Microsoft Visual Studio Solution File, Format Version 12.00
# Visual Studio Version 17
VisualStudioVersion = 17.10.35013.160
MinimumVisualStudioVersion = 10.0.40219.1
Project("{FAE04EC0-301F-11D3-BF4B-00C04F79EFBC}") = "DelegatesAndEvents.Library", "DelegatesAndEvents.Library\DelegatesAndEvents.Library.csproj", "{A3007420-855E-40A9-883E-2DA937B128E6}"
EndProject
Project("{FAE04EC0-301F-11D3-BF4B-00C04F79EFBC}") = "DelegatesAndEvents.ConsoleApp", "DelegatesAndEvents.ConsoleApp\DelegatesAndEvents.ConsoleApp.csproj", "{D4A37999-E8A1-4A53-8426-986C8BA4C0F4}"
EndProject
Global
	GlobalSection(SolutionConfigurationPlatforms) = preSolution
		Debug|Any CPU = Debug|Any CPU
		Release|Any CPU = Release|Any CPU
	EndGlobalSection
	GlobalSection(ProjectConfigurationPlatforms) = postSolution
		{A3007420-855E-40A9-883E-2DA937B128E6}.Debug|Any CPU.ActiveCfg = Debug|Any CPU
		{A3007420-855E-40A9-883E-2DA937B128E6}.Debug|Any CPU.Build.0 = Debug|Any CPU
		{A3007420-855E-40A9-883E-2DA937B128E6}.Release|Any CPU.ActiveCfg = Release|Any CPU
		{A3007420-855E-40A9-883E-2DA937B128E6}.Release|Any CPU.Build.0 = Release|Any CPU
		{D4A37999-E8A1-4A53-8426-986C8BA4C0F4}.Debug|Any CPU.ActiveCfg = Debug|Any CPU
		{D4A37999-E8A1-4A53-8426-986C8BA4C0F4}.Debug|Any CPU.Build.0 = Debug|Any CPU
		{D4A37999-E8A1-4A53-8426-986C8BA4C0F4}.Release|Any CPU.ActiveCfg = Release|Any CPU
		{D4A37999-E8A1-4A53-8426-986C8BA4C0F4}.Release|Any CPU.Build.0 = Release|Any CPU
	EndGlobalSection
	GlobalSection(SolutionProperties) = preSolution
		HideSolutionNode = FALSE
	EndGlobalSection
	GlobalSection(ExtensibilityGlobals) = postSolution
		SolutionGuid = {DA537E11-EC5F-4165-8CB5-F71190D185B6}
	EndGlobalSection
EndGlobal
